
Microsoft Visual Studio Solution File, Format Version 12.00
# Visual Studio Version 16
VisualStudioVersion = 16.0.32630.194
MinimumVisualStudioVersion = 10.0.40219.1
Project("{FAE04EC0-301F-11D3-BF4B-00C04F79EFBC}") = "project akhir pcc", "project akhir pcc\project akhir pcc.csproj", "{8D3A2E21-B700-410E-B5A0-68A0B270C8A6}"
EndProject
Global
	GlobalSection(SolutionConfigurationPlatforms) = preSolution
		Debug|Any CPU = Debug|Any CPU
		Release|Any CPU = Release|Any CPU
	EndGlobalSection
	GlobalSection(ProjectConfigurationPlatforms) = postSolution
		{8D3A2E21-B700-410E-B5A0-68A0B270C8A6}.Debug|Any CPU.ActiveCfg = Debug|Any CPU
		{8D3A2E21-B700-410E-B5A0-68A0B270C8A6}.Debug|Any CPU.Build.0 = Debug|Any CPU
		{8D3A2E21-B700-410E-B5A0-68A0B270C8A6}.Release|Any CPU.ActiveCfg = Release|Any CPU
		{8D3A2E21-B700-410E-B5A0-68A0B270C8A6}.Release|Any CPU.Build.0 = Release|Any CPU
	EndGlobalSection
	GlobalSection(SolutionProperties) = preSolution
		HideSolutionNode = FALSE
	EndGlobalSection
	GlobalSection(ExtensibilityGlobals) = postSolution
		SolutionGuid = {05DE11C3-2970-49C9-8E12-C1C714442332}
	EndGlobalSection
EndGlobal
